
Microsoft Visual Studio Solution File, Format Version 12.00
# Visual Studio 14
VisualStudioVersion = 14.0.25123.0
MinimumVisualStudioVersion = 10.0.40219.1
Project("{5FE02CD7-FE5E-431B-A910-120A96E9724A}") = "Sitecore.Support.123660", "Sitecore.Support.123660\Sitecore.Support.123660.csproj", "{9F569ECD-6462-438D-A531-C67125DEE067}"
EndProject
Global
	GlobalSection(SolutionConfigurationPlatforms) = preSolution
		Debug|Any CPU = Debug|Any CPU
		Release|Any CPU = Release|Any CPU
	EndGlobalSection
	GlobalSection(ProjectConfigurationPlatforms) = postSolution
		{9F569ECD-6462-438D-A531-C67125DEE067}.Debug|Any CPU.ActiveCfg = Debug|Any CPU
		{9F569ECD-6462-438D-A531-C67125DEE067}.Debug|Any CPU.Build.0 = Debug|Any CPU
		{9F569ECD-6462-438D-A531-C67125DEE067}.Release|Any CPU.ActiveCfg = Release|Any CPU
		{9F569ECD-6462-438D-A531-C67125DEE067}.Release|Any CPU.Build.0 = Release|Any CPU
	EndGlobalSection
	GlobalSection(SolutionProperties) = preSolution
		HideSolutionNode = FALSE
	EndGlobalSection
EndGlobal
